
Microsoft Visual Studio Solution File, Format Version 12.00
# Visual Studio 15
VisualStudioVersion = 15.0.35213.121
MinimumVisualStudioVersion = 10.0.40219.1
Project("{FAE04EC0-301F-11D3-BF4B-00C04F79EFBC}") = "Mayin_Tarlasi", "Mayin_Tarlasi\Mayin_Tarlasi.csproj", "{2CE5CF40-1324-494E-8441-89F305CD83BE}"
EndProject
Global
	GlobalSection(SolutionConfigurationPlatforms) = preSolution
		Debug|Any CPU = Debug|Any CPU
		Release|Any CPU = Release|Any CPU
	EndGlobalSection
	GlobalSection(ProjectConfigurationPlatforms) = postSolution
		{2CE5CF40-1324-494E-8441-89F305CD83BE}.Debug|Any CPU.ActiveCfg = Debug|Any CPU
		{2CE5CF40-1324-494E-8441-89F305CD83BE}.Debug|Any CPU.Build.0 = Debug|Any CPU
		{2CE5CF40-1324-494E-8441-89F305CD83BE}.Release|Any CPU.ActiveCfg = Release|Any CPU
		{2CE5CF40-1324-494E-8441-89F305CD83BE}.Release|Any CPU.Build.0 = Release|Any CPU
	EndGlobalSection
	GlobalSection(SolutionProperties) = preSolution
		HideSolutionNode = FALSE
	EndGlobalSection
	GlobalSection(ExtensibilityGlobals) = postSolution
		SolutionGuid = {B3F3F295-F3AB-440D-B9FA-94A81C907DF5}
	EndGlobalSection
EndGlobal
