
Microsoft Visual Studio Solution File, Format Version 12.00
# Visual Studio 15
VisualStudioVersion = 15.0.35213.121
MinimumVisualStudioVersion = 10.0.40219.1
Project("{FAE04EC0-301F-11D3-BF4B-00C04F79EFBC}") = "ArabaYarisi", "ArabaYarisi\ArabaYarisi.csproj", "{9000E19C-D313-4821-AA10-874B231E3B10}"
EndProject
Global
	GlobalSection(SolutionConfigurationPlatforms) = preSolution
		Debug|Any CPU = Debug|Any CPU
		Release|Any CPU = Release|Any CPU
	EndGlobalSection
	GlobalSection(ProjectConfigurationPlatforms) = postSolution
		{9000E19C-D313-4821-AA10-874B231E3B10}.Debug|Any CPU.ActiveCfg = Debug|Any CPU
		{9000E19C-D313-4821-AA10-874B231E3B10}.Debug|Any CPU.Build.0 = Debug|Any CPU
		{9000E19C-D313-4821-AA10-874B231E3B10}.Release|Any CPU.ActiveCfg = Release|Any CPU
		{9000E19C-D313-4821-AA10-874B231E3B10}.Release|Any CPU.Build.0 = Release|Any CPU
	EndGlobalSection
	GlobalSection(SolutionProperties) = preSolution
		HideSolutionNode = FALSE
	EndGlobalSection
	GlobalSection(ExtensibilityGlobals) = postSolution
		SolutionGuid = {8640348E-354C-47C2-B9AA-58BF36002DF3}
	EndGlobalSection
EndGlobal
